# This file is automatically @generated by Cargo.
# It is not intended for manual editing.
version = 4

[[package]]
name = "zintl-desktop"
version = "0.0.0"
dependencies = [
 "zintl-ui",
]

[[package]]
name = "zintl-ui"
version = "0.0.0"

[[package]]
name = "zintl-ui-test"
version = "0.0.0"
dependencies = [
 "zintl-ui",
]
